# This file is generated by running "yarn install" inside your project.
# Manual changes might be lost - proceed with caution!

__metadata:
  version: 6
  cacheKey: 8

"@types/js-yaml@npm:^4.0.5":
  version: 4.0.5
  resolution: "@types/js-yaml@npm:4.0.5"
  checksum: 7dcac8c50fec31643cc9d6444b5503239a861414cdfaa7ae9a38bc22597c4d850c4b8cec3d82d73b3fbca408348ce223b0408d598b32e094470dfffc6d486b4d
  languageName: node
  linkType: hard

"@types/node@npm:^17.0.14":
  version: 17.0.14
  resolution: "@types/node@npm:17.0.14"
  checksum: cc059ce29686bad5890685f45741826a1a7d1d27382464f6d5fa00b72ba239f6f5b8245a7fa5a56c23ce928030dc76b165a4ab0b86dc078f05b44597d8fe1a46
  languageName: node
  linkType: hard

"argparse@npm:^2.0.1":
  version: 2.0.1
  resolution: "argparse@npm:2.0.1"
  checksum: 83644b56493e89a254bae05702abf3a1101b4fa4d0ca31df1c9985275a5a5bd47b3c27b7fa0b71098d41114d8ca000e6ed90cad764b306f8a503665e4d517ced
  languageName: node
  linkType: hard

"base64-js@npm:^1.5.1":
  version: 1.5.1
  resolution: "base64-js@npm:1.5.1"
  checksum: 669632eb3745404c2f822a18fc3a0122d2f9a7a13f7fb8b5823ee19d1d2ff9ee5b52c53367176ea4ad093c332fd5ab4bd0ebae5a8e27917a4105a4cfc86b1005
  languageName: node
  linkType: hard

"js-yaml@npm:^4.1.0":
  version: 4.1.0
  resolution: "js-yaml@npm:4.1.0"
  dependencies:
    argparse: ^2.0.1
  bin:
    js-yaml: bin/js-yaml.js
  checksum: c7830dfd456c3ef2c6e355cc5a92e6700ceafa1d14bba54497b34a99f0376cecbb3e9ac14d3e5849b426d5a5140709a66237a8c991c675431271c4ce5504151a
  languageName: node
  linkType: hard

"plist@npm:^3.0.5":
  version: 3.0.5
  resolution: "plist@npm:3.0.5"
  dependencies:
    base64-js: ^1.5.1
    xmlbuilder: ^9.0.7
  checksum: f8b82816f66559965a4dabf139bd8dd95cdec7e51f32742bb353af276ea8228b9807113743b860eda3e867f6ed70d2bcbc1e135b3204d92b5c37ac765f68444e
  languageName: node
  linkType: hard

"root-workspace-0b6124@workspace:.":
  version: 0.0.0-use.local
  resolution: "root-workspace-0b6124@workspace:."
  languageName: unknown
  linkType: soft

"typescript@npm:^4.5.5":
  version: 4.5.5
  resolution: "typescript@npm:4.5.5"
  bin:
    tsc: bin/tsc
    tsserver: bin/tsserver
  checksum: 506f4c919dc8aeaafa92068c997f1d213b9df4d9756d0fae1a1e7ab66b585ab3498050e236113a1c9e57ee08c21ec6814ca7a7f61378c058d79af50a4b1f5a5e
  languageName: node
  linkType: hard

"typescript@patch:typescript@^4.5.5#~builtin<compat/typescript>":
  version: 4.5.5
  resolution: "typescript@patch:typescript@npm%3A4.5.5#~builtin<compat/typescript>::version=4.5.5&hash=bcec9a"
  bin:
    tsc: bin/tsc
    tsserver: bin/tsserver
  checksum: 858c61fa63f7274ca4aaaffeced854d550bf416cff6e558c4884041b3311fb662f476f167cf5c9f8680c607239797e26a2ee0bcc6467fbc05bfcb218e1c6c671
  languageName: node
  linkType: hard

"utils@workspace:utils":
  version: 0.0.0-use.local
  resolution: "utils@workspace:utils"
  dependencies:
    "@types/js-yaml": ^4.0.5
    "@types/node": ^17.0.14
    js-yaml: ^4.1.0
    plist: ^3.0.5
    typescript: ^4.5.5
  languageName: unknown
  linkType: soft

"xmlbuilder@npm:^9.0.7":
  version: 9.0.7
  resolution: "xmlbuilder@npm:9.0.7"
  checksum: 8193bb323806a002764f013bea0c6e9ff2dc26fd29109408761b16b59a8ad2214c2abe8e691755fd8b525586e3a0e1efeb92335947d7b0899032b779f1705a53
  languageName: node
  linkType: hard

"zs-syntax@workspace:zs":
  version: 0.0.0-use.local
  resolution: "zs-syntax@workspace:zs"
  languageName: unknown
  linkType: soft
